
Microsoft Visual Studio Solution File, Format Version 12.00
# Visual Studio 15
VisualStudioVersion = 15.0.26124.0
MinimumVisualStudioVersion = 15.0.26124.0
Project("{2150E333-8FDC-42A3-9474-1A3956D46DE8}") = "src", "src", "{330C2150-3D35-4AF6-956A-CDAA1B08FA2E}"
EndProject
Project("{F2A71F9B-5D33-465A-A702-920D77279786}") = "ReservationManager.Web", "src\ReservationManager.Web\ReservationManager.Web.fsproj", "{2471BE88-FB77-4560-9B8C-82A1CA1C4B4A}"
EndProject
Project("{2150E333-8FDC-42A3-9474-1A3956D46DE8}") = "test", "test", "{72A9CD54-423B-46FC-88EE-92A71FCCB15C}"
EndProject
Project("{F2A71F9B-5D33-465A-A702-920D77279786}") = "ReservationManager.UnitTests", "test\ReservationManager.UnitTests\ReservationManager.UnitTests.fsproj", "{F3A259C5-E0E8-4C5E-B894-BF70B2A52DA2}"
EndProject
Project("{2150E333-8FDC-42A3-9474-1A3956D46DE8}") = "SolutionItems", "SolutionItems", "{CB0FE1CF-BE2A-4D65-803B-1852FF97F43B}"
ProjectSection(SolutionItems) = preProject
	Directory.Build.props = Directory.Build.props
	.gitattributes = .gitattributes
	.gitignore = .gitignore
	README.md = README.md
EndProjectSection
EndProject
Project("{F2A71F9B-5D33-465A-A702-920D77279786}") = "EventStore.InMemory", "src\EventStore.InMemory\EventStore.InMemory.fsproj", "{6462CE97-0AC4-42A9-A480-9DCA1F62B1DA}"
EndProject
Project("{F2A71F9B-5D33-465A-A702-920D77279786}") = "ReservationManager", "src\ReservationManager\ReservationManager.fsproj", "{5E3B7671-2184-4E00-A470-3B728A646944}"
EndProject
Project("{2150E333-8FDC-42A3-9474-1A3956D46DE8}") = "tools", "tools", "{4FF26B04-134C-47C8-AD9C-5B3C269D7F3C}"
EndProject
Project("{FAE04EC0-301F-11D3-BF4B-00C04F79EFBC}") = "SqlMigrations", "tools\SqlMigrations\SqlMigrations.csproj", "{396BC42F-B77A-4D01-AB00-A113CB56104E}"
EndProject
Project("{F2A71F9B-5D33-465A-A702-920D77279786}") = "EventStore.Sql", "src\EventStore.Sql\EventStore.Sql.fsproj", "{6EDF31B7-446B-4928-B4AD-B43E7766086B}"
EndProject
Global
	GlobalSection(SolutionConfigurationPlatforms) = preSolution
		Debug|Any CPU = Debug|Any CPU
		Debug|x64 = Debug|x64
		Debug|x86 = Debug|x86
		Release|Any CPU = Release|Any CPU
		Release|x64 = Release|x64
		Release|x86 = Release|x86
	EndGlobalSection
	GlobalSection(SolutionProperties) = preSolution
		HideSolutionNode = FALSE
	EndGlobalSection
	GlobalSection(ProjectConfigurationPlatforms) = postSolution
		{2471BE88-FB77-4560-9B8C-82A1CA1C4B4A}.Debug|Any CPU.ActiveCfg = Debug|Any CPU
		{2471BE88-FB77-4560-9B8C-82A1CA1C4B4A}.Debug|Any CPU.Build.0 = Debug|Any CPU
		{2471BE88-FB77-4560-9B8C-82A1CA1C4B4A}.Debug|x64.ActiveCfg = Debug|Any CPU
		{2471BE88-FB77-4560-9B8C-82A1CA1C4B4A}.Debug|x64.Build.0 = Debug|Any CPU
		{2471BE88-FB77-4560-9B8C-82A1CA1C4B4A}.Debug|x86.ActiveCfg = Debug|Any CPU
		{2471BE88-FB77-4560-9B8C-82A1CA1C4B4A}.Debug|x86.Build.0 = Debug|Any CPU
		{2471BE88-FB77-4560-9B8C-82A1CA1C4B4A}.Release|Any CPU.ActiveCfg = Release|Any CPU
		{2471BE88-FB77-4560-9B8C-82A1CA1C4B4A}.Release|Any CPU.Build.0 = Release|Any CPU
		{2471BE88-FB77-4560-9B8C-82A1CA1C4B4A}.Release|x64.ActiveCfg = Release|Any CPU
		{2471BE88-FB77-4560-9B8C-82A1CA1C4B4A}.Release|x64.Build.0 = Release|Any CPU
		{2471BE88-FB77-4560-9B8C-82A1CA1C4B4A}.Release|x86.ActiveCfg = Release|Any CPU
		{2471BE88-FB77-4560-9B8C-82A1CA1C4B4A}.Release|x86.Build.0 = Release|Any CPU
		{F3A259C5-E0E8-4C5E-B894-BF70B2A52DA2}.Debug|Any CPU.ActiveCfg = Debug|Any CPU
		{F3A259C5-E0E8-4C5E-B894-BF70B2A52DA2}.Debug|Any CPU.Build.0 = Debug|Any CPU
		{F3A259C5-E0E8-4C5E-B894-BF70B2A52DA2}.Debug|x64.ActiveCfg = Debug|Any CPU
		{F3A259C5-E0E8-4C5E-B894-BF70B2A52DA2}.Debug|x64.Build.0 = Debug|Any CPU
		{F3A259C5-E0E8-4C5E-B894-BF70B2A52DA2}.Debug|x86.ActiveCfg = Debug|Any CPU
		{F3A259C5-E0E8-4C5E-B894-BF70B2A52DA2}.Debug|x86.Build.0 = Debug|Any CPU
		{F3A259C5-E0E8-4C5E-B894-BF70B2A52DA2}.Release|Any CPU.ActiveCfg = Release|Any CPU
		{F3A259C5-E0E8-4C5E-B894-BF70B2A52DA2}.Release|Any CPU.Build.0 = Release|Any CPU
		{F3A259C5-E0E8-4C5E-B894-BF70B2A52DA2}.Release|x64.ActiveCfg = Release|Any CPU
		{F3A259C5-E0E8-4C5E-B894-BF70B2A52DA2}.Release|x64.Build.0 = Release|Any CPU
		{F3A259C5-E0E8-4C5E-B894-BF70B2A52DA2}.Release|x86.ActiveCfg = Release|Any CPU
		{F3A259C5-E0E8-4C5E-B894-BF70B2A52DA2}.Release|x86.Build.0 = Release|Any CPU
		{6462CE97-0AC4-42A9-A480-9DCA1F62B1DA}.Debug|Any CPU.ActiveCfg = Debug|Any CPU
		{6462CE97-0AC4-42A9-A480-9DCA1F62B1DA}.Debug|Any CPU.Build.0 = Debug|Any CPU
		{6462CE97-0AC4-42A9-A480-9DCA1F62B1DA}.Debug|x64.ActiveCfg = Debug|Any CPU
		{6462CE97-0AC4-42A9-A480-9DCA1F62B1DA}.Debug|x64.Build.0 = Debug|Any CPU
		{6462CE97-0AC4-42A9-A480-9DCA1F62B1DA}.Debug|x86.ActiveCfg = Debug|Any CPU
		{6462CE97-0AC4-42A9-A480-9DCA1F62B1DA}.Debug|x86.Build.0 = Debug|Any CPU
		{6462CE97-0AC4-42A9-A480-9DCA1F62B1DA}.Release|Any CPU.ActiveCfg = Release|Any CPU
		{6462CE97-0AC4-42A9-A480-9DCA1F62B1DA}.Release|Any CPU.Build.0 = Release|Any CPU
		{6462CE97-0AC4-42A9-A480-9DCA1F62B1DA}.Release|x64.ActiveCfg = Release|Any CPU
		{6462CE97-0AC4-42A9-A480-9DCA1F62B1DA}.Release|x64.Build.0 = Release|Any CPU
		{6462CE97-0AC4-42A9-A480-9DCA1F62B1DA}.Release|x86.ActiveCfg = Release|Any CPU
		{6462CE97-0AC4-42A9-A480-9DCA1F62B1DA}.Release|x86.Build.0 = Release|Any CPU
		{5E3B7671-2184-4E00-A470-3B728A646944}.Debug|Any CPU.ActiveCfg = Debug|Any CPU
		{5E3B7671-2184-4E00-A470-3B728A646944}.Debug|Any CPU.Build.0 = Debug|Any CPU
		{5E3B7671-2184-4E00-A470-3B728A646944}.Debug|x64.ActiveCfg = Debug|Any CPU
		{5E3B7671-2184-4E00-A470-3B728A646944}.Debug|x64.Build.0 = Debug|Any CPU
		{5E3B7671-2184-4E00-A470-3B728A646944}.Debug|x86.ActiveCfg = Debug|Any CPU
		{5E3B7671-2184-4E00-A470-3B728A646944}.Debug|x86.Build.0 = Debug|Any CPU
		{5E3B7671-2184-4E00-A470-3B728A646944}.Release|Any CPU.ActiveCfg = Release|Any CPU
		{5E3B7671-2184-4E00-A470-3B728A646944}.Release|Any CPU.Build.0 = Release|Any CPU
		{5E3B7671-2184-4E00-A470-3B728A646944}.Release|x64.ActiveCfg = Release|Any CPU
		{5E3B7671-2184-4E00-A470-3B728A646944}.Release|x64.Build.0 = Release|Any CPU
		{5E3B7671-2184-4E00-A470-3B728A646944}.Release|x86.ActiveCfg = Release|Any CPU
		{5E3B7671-2184-4E00-A470-3B728A646944}.Release|x86.Build.0 = Release|Any CPU
		{396BC42F-B77A-4D01-AB00-A113CB56104E}.Debug|Any CPU.ActiveCfg = Debug|Any CPU
		{396BC42F-B77A-4D01-AB00-A113CB56104E}.Debug|Any CPU.Build.0 = Debug|Any CPU
		{396BC42F-B77A-4D01-AB00-A113CB56104E}.Debug|x64.ActiveCfg = Debug|Any CPU
		{396BC42F-B77A-4D01-AB00-A113CB56104E}.Debug|x64.Build.0 = Debug|Any CPU
		{396BC42F-B77A-4D01-AB00-A113CB56104E}.Debug|x86.ActiveCfg = Debug|Any CPU
		{396BC42F-B77A-4D01-AB00-A113CB56104E}.Debug|x86.Build.0 = Debug|Any CPU
		{396BC42F-B77A-4D01-AB00-A113CB56104E}.Release|Any CPU.ActiveCfg = Release|Any CPU
		{396BC42F-B77A-4D01-AB00-A113CB56104E}.Release|Any CPU.Build.0 = Release|Any CPU
		{396BC42F-B77A-4D01-AB00-A113CB56104E}.Release|x64.ActiveCfg = Release|Any CPU
		{396BC42F-B77A-4D01-AB00-A113CB56104E}.Release|x64.Build.0 = Release|Any CPU
		{396BC42F-B77A-4D01-AB00-A113CB56104E}.Release|x86.ActiveCfg = Release|Any CPU
		{396BC42F-B77A-4D01-AB00-A113CB56104E}.Release|x86.Build.0 = Release|Any CPU
		{6EDF31B7-446B-4928-B4AD-B43E7766086B}.Debug|Any CPU.ActiveCfg = Debug|Any CPU
		{6EDF31B7-446B-4928-B4AD-B43E7766086B}.Debug|Any CPU.Build.0 = Debug|Any CPU
		{6EDF31B7-446B-4928-B4AD-B43E7766086B}.Debug|x64.ActiveCfg = Debug|Any CPU
		{6EDF31B7-446B-4928-B4AD-B43E7766086B}.Debug|x64.Build.0 = Debug|Any CPU
		{6EDF31B7-446B-4928-B4AD-B43E7766086B}.Debug|x86.ActiveCfg = Debug|Any CPU
		{6EDF31B7-446B-4928-B4AD-B43E7766086B}.Debug|x86.Build.0 = Debug|Any CPU
		{6EDF31B7-446B-4928-B4AD-B43E7766086B}.Release|Any CPU.ActiveCfg = Release|Any CPU
		{6EDF31B7-446B-4928-B4AD-B43E7766086B}.Release|Any CPU.Build.0 = Release|Any CPU
		{6EDF31B7-446B-4928-B4AD-B43E7766086B}.Release|x64.ActiveCfg = Release|Any CPU
		{6EDF31B7-446B-4928-B4AD-B43E7766086B}.Release|x64.Build.0 = Release|Any CPU
		{6EDF31B7-446B-4928-B4AD-B43E7766086B}.Release|x86.ActiveCfg = Release|Any CPU
		{6EDF31B7-446B-4928-B4AD-B43E7766086B}.Release|x86.Build.0 = Release|Any CPU
	EndGlobalSection
	GlobalSection(NestedProjects) = preSolution
		{2471BE88-FB77-4560-9B8C-82A1CA1C4B4A} = {330C2150-3D35-4AF6-956A-CDAA1B08FA2E}
		{F3A259C5-E0E8-4C5E-B894-BF70B2A52DA2} = {72A9CD54-423B-46FC-88EE-92A71FCCB15C}
		{6462CE97-0AC4-42A9-A480-9DCA1F62B1DA} = {330C2150-3D35-4AF6-956A-CDAA1B08FA2E}
		{5E3B7671-2184-4E00-A470-3B728A646944} = {330C2150-3D35-4AF6-956A-CDAA1B08FA2E}
		{396BC42F-B77A-4D01-AB00-A113CB56104E} = {4FF26B04-134C-47C8-AD9C-5B3C269D7F3C}
		{6EDF31B7-446B-4928-B4AD-B43E7766086B} = {330C2150-3D35-4AF6-956A-CDAA1B08FA2E}
	EndGlobalSection
EndGlobal
