
Microsoft Visual Studio Solution File, Format Version 12.00
# Visual Studio 15
VisualStudioVersion = 15.0.26124.0
MinimumVisualStudioVersion = 15.0.26124.0
Project("{2150E333-8FDC-42A3-9474-1A3956D46DE8}") = "src", "src", "{330C2150-3D35-4AF6-956A-CDAA1B08FA2E}"
EndProject
Project("{F2A71F9B-5D33-465A-A702-920D77279786}") = "ReservationManager.Web", "src\ReservationManager.Web\ReservationManager.Web.fsproj", "{2471BE88-FB77-4560-9B8C-82A1CA1C4B4A}"
EndProject
Project("{2150E333-8FDC-42A3-9474-1A3956D46DE8}") = "test", "test", "{72A9CD54-423B-46FC-88EE-92A71FCCB15C}"
EndProject
Project("{F2A71F9B-5D33-465A-A702-920D77279786}") = "ReservationManager.UnitTests", "test\ReservationManager.UnitTests\ReservationManager.UnitTests.fsproj", "{F3A259C5-E0E8-4C5E-B894-BF70B2A52DA2}"
EndProject
Project("{2150E333-8FDC-42A3-9474-1A3956D46DE8}") = "SolutionItems", "SolutionItems", "{CB0FE1CF-BE2A-4D65-803B-1852FF97F43B}"
ProjectSection(SolutionItems) = preProject
	Directory.Build.props = Directory.Build.props
	.gitattributes = .gitattributes
	.gitignore = .gitignore
	README.md = README.md
EndProjectSection
EndProject
Global
	GlobalSection(SolutionConfigurationPlatforms) = preSolution
		Debug|Any CPU = Debug|Any CPU
		Debug|x64 = Debug|x64
		Debug|x86 = Debug|x86
		Release|Any CPU = Release|Any CPU
		Release|x64 = Release|x64
		Release|x86 = Release|x86
	EndGlobalSection
	GlobalSection(SolutionProperties) = preSolution
		HideSolutionNode = FALSE
	EndGlobalSection
	GlobalSection(ProjectConfigurationPlatforms) = postSolution
		{2471BE88-FB77-4560-9B8C-82A1CA1C4B4A}.Debug|Any CPU.ActiveCfg = Debug|Any CPU
		{2471BE88-FB77-4560-9B8C-82A1CA1C4B4A}.Debug|Any CPU.Build.0 = Debug|Any CPU
		{2471BE88-FB77-4560-9B8C-82A1CA1C4B4A}.Debug|x64.ActiveCfg = Debug|Any CPU
		{2471BE88-FB77-4560-9B8C-82A1CA1C4B4A}.Debug|x64.Build.0 = Debug|Any CPU
		{2471BE88-FB77-4560-9B8C-82A1CA1C4B4A}.Debug|x86.ActiveCfg = Debug|Any CPU
		{2471BE88-FB77-4560-9B8C-82A1CA1C4B4A}.Debug|x86.Build.0 = Debug|Any CPU
		{2471BE88-FB77-4560-9B8C-82A1CA1C4B4A}.Release|Any CPU.ActiveCfg = Release|Any CPU
		{2471BE88-FB77-4560-9B8C-82A1CA1C4B4A}.Release|Any CPU.Build.0 = Release|Any CPU
		{2471BE88-FB77-4560-9B8C-82A1CA1C4B4A}.Release|x64.ActiveCfg = Release|Any CPU
		{2471BE88-FB77-4560-9B8C-82A1CA1C4B4A}.Release|x64.Build.0 = Release|Any CPU
		{2471BE88-FB77-4560-9B8C-82A1CA1C4B4A}.Release|x86.ActiveCfg = Release|Any CPU
		{2471BE88-FB77-4560-9B8C-82A1CA1C4B4A}.Release|x86.Build.0 = Release|Any CPU
		{F3A259C5-E0E8-4C5E-B894-BF70B2A52DA2}.Debug|Any CPU.ActiveCfg = Debug|Any CPU
		{F3A259C5-E0E8-4C5E-B894-BF70B2A52DA2}.Debug|Any CPU.Build.0 = Debug|Any CPU
		{F3A259C5-E0E8-4C5E-B894-BF70B2A52DA2}.Debug|x64.ActiveCfg = Debug|Any CPU
		{F3A259C5-E0E8-4C5E-B894-BF70B2A52DA2}.Debug|x64.Build.0 = Debug|Any CPU
		{F3A259C5-E0E8-4C5E-B894-BF70B2A52DA2}.Debug|x86.ActiveCfg = Debug|Any CPU
		{F3A259C5-E0E8-4C5E-B894-BF70B2A52DA2}.Debug|x86.Build.0 = Debug|Any CPU
		{F3A259C5-E0E8-4C5E-B894-BF70B2A52DA2}.Release|Any CPU.ActiveCfg = Release|Any CPU
		{F3A259C5-E0E8-4C5E-B894-BF70B2A52DA2}.Release|Any CPU.Build.0 = Release|Any CPU
		{F3A259C5-E0E8-4C5E-B894-BF70B2A52DA2}.Release|x64.ActiveCfg = Release|Any CPU
		{F3A259C5-E0E8-4C5E-B894-BF70B2A52DA2}.Release|x64.Build.0 = Release|Any CPU
		{F3A259C5-E0E8-4C5E-B894-BF70B2A52DA2}.Release|x86.ActiveCfg = Release|Any CPU
		{F3A259C5-E0E8-4C5E-B894-BF70B2A52DA2}.Release|x86.Build.0 = Release|Any CPU
	EndGlobalSection
	GlobalSection(NestedProjects) = preSolution
		{2471BE88-FB77-4560-9B8C-82A1CA1C4B4A} = {330C2150-3D35-4AF6-956A-CDAA1B08FA2E}
		{F3A259C5-E0E8-4C5E-B894-BF70B2A52DA2} = {72A9CD54-423B-46FC-88EE-92A71FCCB15C}
	EndGlobalSection
EndGlobal
